
Microsoft Visual Studio Solution File, Format Version 12.00
# Visual Studio 15
VisualStudioVersion = 15.0.27428.2037
MinimumVisualStudioVersion = 10.0.40219.1
Project("{FAE04EC0-301F-11D3-BF4B-00C04F79EFBC}") = "App5.Android", "App5\App5.Android\App5.Android.csproj", "{76B99F1F-34BA-4585-ADC3-4D8CE37FF79D}"
EndProject
Project("{FAE04EC0-301F-11D3-BF4B-00C04F79EFBC}") = "App5.iOS", "App5\App5.iOS\App5.iOS.csproj", "{06645D80-1583-4A01-824B-F4A945BB6701}"
EndProject
Project("{FAE04EC0-301F-11D3-BF4B-00C04F79EFBC}") = "App5.UWP", "App5\App5.UWP\App5.UWP.csproj", "{A0A580B5-BED9-4BC6-9E32-8E26F5C63871}"
EndProject
Project("{FAE04EC0-301F-11D3-BF4B-00C04F79EFBC}") = "App5", "App5\App5\App5.csproj", "{85C07C1C-CEDE-45FC-BD24-ABA90A7489AD}"
EndProject
Global
	GlobalSection(SolutionConfigurationPlatforms) = preSolution
		Ad-Hoc|Any CPU = Ad-Hoc|Any CPU
		Ad-Hoc|ARM = Ad-Hoc|ARM
		Ad-Hoc|iPhone = Ad-Hoc|iPhone
		Ad-Hoc|iPhoneSimulator = Ad-Hoc|iPhoneSimulator
		Ad-Hoc|x64 = Ad-Hoc|x64
		Ad-Hoc|x86 = Ad-Hoc|x86
		AppStore|Any CPU = AppStore|Any CPU
		AppStore|ARM = AppStore|ARM
		AppStore|iPhone = AppStore|iPhone
		AppStore|iPhoneSimulator = AppStore|iPhoneSimulator
		AppStore|x64 = AppStore|x64
		AppStore|x86 = AppStore|x86
		Debug|Any CPU = Debug|Any CPU
		Debug|ARM = Debug|ARM
		Debug|iPhone = Debug|iPhone
		Debug|iPhoneSimulator = Debug|iPhoneSimulator
		Debug|x64 = Debug|x64
		Debug|x86 = Debug|x86
		Release|Any CPU = Release|Any CPU
		Release|ARM = Release|ARM
		Release|iPhone = Release|iPhone
		Release|iPhoneSimulator = Release|iPhoneSimulator
		Release|x64 = Release|x64
		Release|x86 = Release|x86
	EndGlobalSection
	GlobalSection(ProjectConfigurationPlatforms) = postSolution
		{76B99F1F-34BA-4585-ADC3-4D8CE37FF79D}.Ad-Hoc|Any CPU.ActiveCfg = Release|Any CPU
		{76B99F1F-34BA-4585-ADC3-4D8CE37FF79D}.Ad-Hoc|Any CPU.Build.0 = Release|Any CPU
		{76B99F1F-34BA-4585-ADC3-4D8CE37FF79D}.Ad-Hoc|Any CPU.Deploy.0 = Release|Any CPU
		{76B99F1F-34BA-4585-ADC3-4D8CE37FF79D}.Ad-Hoc|ARM.ActiveCfg = Release|Any CPU
		{76B99F1F-34BA-4585-ADC3-4D8CE37FF79D}.Ad-Hoc|ARM.Build.0 = Release|Any CPU
		{76B99F1F-34BA-4585-ADC3-4D8CE37FF79D}.Ad-Hoc|ARM.Deploy.0 = Release|Any CPU
		{76B99F1F-34BA-4585-ADC3-4D8CE37FF79D}.Ad-Hoc|iPhone.ActiveCfg = Release|Any CPU
		{76B99F1F-34BA-4585-ADC3-4D8CE37FF79D}.Ad-Hoc|iPhone.Build.0 = Release|Any CPU
		{76B99F1F-34BA-4585-ADC3-4D8CE37FF79D}.Ad-Hoc|iPhone.Deploy.0 = Release|Any CPU
		{76B99F1F-34BA-4585-ADC3-4D8CE37FF79D}.Ad-Hoc|iPhoneSimulator.ActiveCfg = Release|Any CPU
		{76B99F1F-34BA-4585-ADC3-4D8CE37FF79D}.Ad-Hoc|iPhoneSimulator.Build.0 = Release|Any CPU
		{76B99F1F-34BA-4585-ADC3-4D8CE37FF79D}.Ad-Hoc|iPhoneSimulator.Deploy.0 = Release|Any CPU
		{76B99F1F-34BA-4585-ADC3-4D8CE37FF79D}.Ad-Hoc|x64.ActiveCfg = Release|Any CPU
		{76B99F1F-34BA-4585-ADC3-4D8CE37FF79D}.Ad-Hoc|x64.Build.0 = Release|Any CPU
		{76B99F1F-34BA-4585-ADC3-4D8CE37FF79D}.Ad-Hoc|x64.Deploy.0 = Release|Any CPU
		{76B99F1F-34BA-4585-ADC3-4D8CE37FF79D}.Ad-Hoc|x86.ActiveCfg = Release|Any CPU
		{76B99F1F-34BA-4585-ADC3-4D8CE37FF79D}.Ad-Hoc|x86.Build.0 = Release|Any CPU
		{76B99F1F-34BA-4585-ADC3-4D8CE37FF79D}.Ad-Hoc|x86.Deploy.0 = Release|Any CPU
		{76B99F1F-34BA-4585-ADC3-4D8CE37FF79D}.AppStore|Any CPU.ActiveCfg = Release|Any CPU
		{76B99F1F-34BA-4585-ADC3-4D8CE37FF79D}.AppStore|Any CPU.Build.0 = Release|Any CPU
		{76B99F1F-34BA-4585-ADC3-4D8CE37FF79D}.AppStore|Any CPU.Deploy.0 = Release|Any CPU
		{76B99F1F-34BA-4585-ADC3-4D8CE37FF79D}.AppStore|ARM.ActiveCfg = Release|Any CPU
		{76B99F1F-34BA-4585-ADC3-4D8CE37FF79D}.AppStore|ARM.Build.0 = Release|Any CPU
		{76B99F1F-34BA-4585-ADC3-4D8CE37FF79D}.AppStore|ARM.Deploy.0 = Release|Any CPU
		{76B99F1F-34BA-4585-ADC3-4D8CE37FF79D}.AppStore|iPhone.ActiveCfg = Release|Any CPU
		{76B99F1F-34BA-4585-ADC3-4D8CE37FF79D}.AppStore|iPhone.Build.0 = Release|Any CPU
		{76B99F1F-34BA-4585-ADC3-4D8CE37FF79D}.AppStore|iPhone.Deploy.0 = Release|Any CPU
		{76B99F1F-34BA-4585-ADC3-4D8CE37FF79D}.AppStore|iPhoneSimulator.ActiveCfg = Release|Any CPU
		{76B99F1F-34BA-4585-ADC3-4D8CE37FF79D}.AppStore|iPhoneSimulator.Build.0 = Release|Any CPU
		{76B99F1F-34BA-4585-ADC3-4D8CE37FF79D}.AppStore|iPhoneSimulator.Deploy.0 = Release|Any CPU
		{76B99F1F-34BA-4585-ADC3-4D8CE37FF79D}.AppStore|x64.ActiveCfg = Release|Any CPU
		{76B99F1F-34BA-4585-ADC3-4D8CE37FF79D}.AppStore|x64.Build.0 = Release|Any CPU
		{76B99F1F-34BA-4585-ADC3-4D8CE37FF79D}.AppStore|x64.Deploy.0 = Release|Any CPU
		{76B99F1F-34BA-4585-ADC3-4D8CE37FF79D}.AppStore|x86.ActiveCfg = Release|Any CPU
		{76B99F1F-34BA-4585-ADC3-4D8CE37FF79D}.AppStore|x86.Build.0 = Release|Any CPU
		{76B99F1F-34BA-4585-ADC3-4D8CE37FF79D}.AppStore|x86.Deploy.0 = Release|Any CPU
		{76B99F1F-34BA-4585-ADC3-4D8CE37FF79D}.Debug|Any CPU.ActiveCfg = Debug|Any CPU
		{76B99F1F-34BA-4585-ADC3-4D8CE37FF79D}.Debug|Any CPU.Build.0 = Debug|Any CPU
		{76B99F1F-34BA-4585-ADC3-4D8CE37FF79D}.Debug|Any CPU.Deploy.0 = Debug|Any CPU
		{76B99F1F-34BA-4585-ADC3-4D8CE37FF79D}.Debug|ARM.ActiveCfg = Debug|Any CPU
		{76B99F1F-34BA-4585-ADC3-4D8CE37FF79D}.Debug|ARM.Build.0 = Debug|Any CPU
		{76B99F1F-34BA-4585-ADC3-4D8CE37FF79D}.Debug|ARM.Deploy.0 = Debug|Any CPU
		{76B99F1F-34BA-4585-ADC3-4D8CE37FF79D}.Debug|iPhone.ActiveCfg = Debug|Any CPU
		{76B99F1F-34BA-4585-ADC3-4D8CE37FF79D}.Debug|iPhone.Build.0 = Debug|Any CPU
		{76B99F1F-34BA-4585-ADC3-4D8CE37FF79D}.Debug|iPhone.Deploy.0 = Debug|Any CPU
		{76B99F1F-34BA-4585-ADC3-4D8CE37FF79D}.Debug|iPhoneSimulator.ActiveCfg = Debug|Any CPU
		{76B99F1F-34BA-4585-ADC3-4D8CE37FF79D}.Debug|iPhoneSimulator.Build.0 = Debug|Any CPU
		{76B99F1F-34BA-4585-ADC3-4D8CE37FF79D}.Debug|iPhoneSimulator.Deploy.0 = Debug|Any CPU
		{76B99F1F-34BA-4585-ADC3-4D8CE37FF79D}.Debug|x64.ActiveCfg = Debug|Any CPU
		{76B99F1F-34BA-4585-ADC3-4D8CE37FF79D}.Debug|x64.Build.0 = Debug|Any CPU
		{76B99F1F-34BA-4585-ADC3-4D8CE37FF79D}.Debug|x64.Deploy.0 = Debug|Any CPU
		{76B99F1F-34BA-4585-ADC3-4D8CE37FF79D}.Debug|x86.ActiveCfg = Debug|Any CPU
		{76B99F1F-34BA-4585-ADC3-4D8CE37FF79D}.Debug|x86.Build.0 = Debug|Any CPU
		{76B99F1F-34BA-4585-ADC3-4D8CE37FF79D}.Debug|x86.Deploy.0 = Debug|Any CPU
		{76B99F1F-34BA-4585-ADC3-4D8CE37FF79D}.Release|Any CPU.ActiveCfg = Release|Any CPU
		{76B99F1F-34BA-4585-ADC3-4D8CE37FF79D}.Release|Any CPU.Build.0 = Release|Any CPU
		{76B99F1F-34BA-4585-ADC3-4D8CE37FF79D}.Release|Any CPU.Deploy.0 = Release|Any CPU
		{76B99F1F-34BA-4585-ADC3-4D8CE37FF79D}.Release|ARM.ActiveCfg = Release|Any CPU
		{76B99F1F-34BA-4585-ADC3-4D8CE37FF79D}.Release|ARM.Build.0 = Release|Any CPU
		{76B99F1F-34BA-4585-ADC3-4D8CE37FF79D}.Release|ARM.Deploy.0 = Release|Any CPU
		{76B99F1F-34BA-4585-ADC3-4D8CE37FF79D}.Release|iPhone.ActiveCfg = Release|Any CPU
		{76B99F1F-34BA-4585-ADC3-4D8CE37FF79D}.Release|iPhone.Build.0 = Release|Any CPU
		{76B99F1F-34BA-4585-ADC3-4D8CE37FF79D}.Release|iPhone.Deploy.0 = Release|Any CPU
		{76B99F1F-34BA-4585-ADC3-4D8CE37FF79D}.Release|iPhoneSimulator.ActiveCfg = Release|Any CPU
		{76B99F1F-34BA-4585-ADC3-4D8CE37FF79D}.Release|iPhoneSimulator.Build.0 = Release|Any CPU
		{76B99F1F-34BA-4585-ADC3-4D8CE37FF79D}.Release|iPhoneSimulator.Deploy.0 = Release|Any CPU
		{76B99F1F-34BA-4585-ADC3-4D8CE37FF79D}.Release|x64.ActiveCfg = Release|Any CPU
		{76B99F1F-34BA-4585-ADC3-4D8CE37FF79D}.Release|x64.Build.0 = Release|Any CPU
		{76B99F1F-34BA-4585-ADC3-4D8CE37FF79D}.Release|x64.Deploy.0 = Release|Any CPU
		{76B99F1F-34BA-4585-ADC3-4D8CE37FF79D}.Release|x86.ActiveCfg = Release|Any CPU
		{76B99F1F-34BA-4585-ADC3-4D8CE37FF79D}.Release|x86.Build.0 = Release|Any CPU
		{76B99F1F-34BA-4585-ADC3-4D8CE37FF79D}.Release|x86.Deploy.0 = Release|Any CPU
		{06645D80-1583-4A01-824B-F4A945BB6701}.Ad-Hoc|Any CPU.ActiveCfg = Ad-Hoc|iPhone
		{06645D80-1583-4A01-824B-F4A945BB6701}.Ad-Hoc|ARM.ActiveCfg = Ad-Hoc|iPhone
		{06645D80-1583-4A01-824B-F4A945BB6701}.Ad-Hoc|iPhone.ActiveCfg = Ad-Hoc|iPhone
		{06645D80-1583-4A01-824B-F4A945BB6701}.Ad-Hoc|iPhone.Build.0 = Ad-Hoc|iPhone
		{06645D80-1583-4A01-824B-F4A945BB6701}.Ad-Hoc|iPhoneSimulator.ActiveCfg = Ad-Hoc|iPhoneSimulator
		{06645D80-1583-4A01-824B-F4A945BB6701}.Ad-Hoc|iPhoneSimulator.Build.0 = Ad-Hoc|iPhoneSimulator
		{06645D80-1583-4A01-824B-F4A945BB6701}.Ad-Hoc|x64.ActiveCfg = Ad-Hoc|iPhone
		{06645D80-1583-4A01-824B-F4A945BB6701}.Ad-Hoc|x86.ActiveCfg = Ad-Hoc|iPhone
		{06645D80-1583-4A01-824B-F4A945BB6701}.AppStore|Any CPU.ActiveCfg = AppStore|iPhone
		{06645D80-1583-4A01-824B-F4A945BB6701}.AppStore|ARM.ActiveCfg = AppStore|iPhone
		{06645D80-1583-4A01-824B-F4A945BB6701}.AppStore|iPhone.ActiveCfg = AppStore|iPhone
		{06645D80-1583-4A01-824B-F4A945BB6701}.AppStore|iPhone.Build.0 = AppStore|iPhone
		{06645D80-1583-4A01-824B-F4A945BB6701}.AppStore|iPhoneSimulator.ActiveCfg = AppStore|iPhoneSimulator
		{06645D80-1583-4A01-824B-F4A945BB6701}.AppStore|iPhoneSimulator.Build.0 = AppStore|iPhoneSimulator
		{06645D80-1583-4A01-824B-F4A945BB6701}.AppStore|x64.ActiveCfg = AppStore|iPhone
		{06645D80-1583-4A01-824B-F4A945BB6701}.AppStore|x86.ActiveCfg = AppStore|iPhone
		{06645D80-1583-4A01-824B-F4A945BB6701}.Debug|Any CPU.ActiveCfg = Debug|iPhone
		{06645D80-1583-4A01-824B-F4A945BB6701}.Debug|ARM.ActiveCfg = Debug|iPhone
		{06645D80-1583-4A01-824B-F4A945BB6701}.Debug|iPhone.ActiveCfg = Debug|iPhone
		{06645D80-1583-4A01-824B-F4A945BB6701}.Debug|iPhone.Build.0 = Debug|iPhone
		{06645D80-1583-4A01-824B-F4A945BB6701}.Debug|iPhoneSimulator.ActiveCfg = Debug|iPhoneSimulator
		{06645D80-1583-4A01-824B-F4A945BB6701}.Debug|iPhoneSimulator.Build.0 = Debug|iPhoneSimulator
		{06645D80-1583-4A01-824B-F4A945BB6701}.Debug|x64.ActiveCfg = Debug|iPhone
		{06645D80-1583-4A01-824B-F4A945BB6701}.Debug|x86.ActiveCfg = Debug|iPhone
		{06645D80-1583-4A01-824B-F4A945BB6701}.Release|Any CPU.ActiveCfg = Release|iPhone
		{06645D80-1583-4A01-824B-F4A945BB6701}.Release|ARM.ActiveCfg = Release|iPhone
		{06645D80-1583-4A01-824B-F4A945BB6701}.Release|iPhone.ActiveCfg = Release|iPhone
		{06645D80-1583-4A01-824B-F4A945BB6701}.Release|iPhone.Build.0 = Release|iPhone
		{06645D80-1583-4A01-824B-F4A945BB6701}.Release|iPhoneSimulator.ActiveCfg = Release|iPhoneSimulator
		{06645D80-1583-4A01-824B-F4A945BB6701}.Release|iPhoneSimulator.Build.0 = Release|iPhoneSimulator
		{06645D80-1583-4A01-824B-F4A945BB6701}.Release|x64.ActiveCfg = Release|iPhone
		{06645D80-1583-4A01-824B-F4A945BB6701}.Release|x86.ActiveCfg = Release|iPhone
		{A0A580B5-BED9-4BC6-9E32-8E26F5C63871}.Ad-Hoc|Any CPU.ActiveCfg = Release|x86
		{A0A580B5-BED9-4BC6-9E32-8E26F5C63871}.Ad-Hoc|Any CPU.Build.0 = Release|x86
		{A0A580B5-BED9-4BC6-9E32-8E26F5C63871}.Ad-Hoc|Any CPU.Deploy.0 = Release|x86
		{A0A580B5-BED9-4BC6-9E32-8E26F5C63871}.Ad-Hoc|ARM.ActiveCfg = Release|ARM
		{A0A580B5-BED9-4BC6-9E32-8E26F5C63871}.Ad-Hoc|ARM.Build.0 = Release|ARM
		{A0A580B5-BED9-4BC6-9E32-8E26F5C63871}.Ad-Hoc|ARM.Deploy.0 = Release|ARM
		{A0A580B5-BED9-4BC6-9E32-8E26F5C63871}.Ad-Hoc|iPhone.ActiveCfg = Release|x86
		{A0A580B5-BED9-4BC6-9E32-8E26F5C63871}.Ad-Hoc|iPhone.Build.0 = Release|x86
		{A0A580B5-BED9-4BC6-9E32-8E26F5C63871}.Ad-Hoc|iPhone.Deploy.0 = Release|x86
		{A0A580B5-BED9-4BC6-9E32-8E26F5C63871}.Ad-Hoc|iPhoneSimulator.ActiveCfg = Release|x86
		{A0A580B5-BED9-4BC6-9E32-8E26F5C63871}.Ad-Hoc|iPhoneSimulator.Build.0 = Release|x86
		{A0A580B5-BED9-4BC6-9E32-8E26F5C63871}.Ad-Hoc|iPhoneSimulator.Deploy.0 = Release|x86
		{A0A580B5-BED9-4BC6-9E32-8E26F5C63871}.Ad-Hoc|x64.ActiveCfg = Release|x64
		{A0A580B5-BED9-4BC6-9E32-8E26F5C63871}.Ad-Hoc|x64.Build.0 = Release|x64
		{A0A580B5-BED9-4BC6-9E32-8E26F5C63871}.Ad-Hoc|x64.Deploy.0 = Release|x64
		{A0A580B5-BED9-4BC6-9E32-8E26F5C63871}.Ad-Hoc|x86.ActiveCfg = Release|x86
		{A0A580B5-BED9-4BC6-9E32-8E26F5C63871}.Ad-Hoc|x86.Build.0 = Release|x86
		{A0A580B5-BED9-4BC6-9E32-8E26F5C63871}.Ad-Hoc|x86.Deploy.0 = Release|x86
		{A0A580B5-BED9-4BC6-9E32-8E26F5C63871}.AppStore|Any CPU.ActiveCfg = Release|x86
		{A0A580B5-BED9-4BC6-9E32-8E26F5C63871}.AppStore|Any CPU.Build.0 = Release|x86
		{A0A580B5-BED9-4BC6-9E32-8E26F5C63871}.AppStore|Any CPU.Deploy.0 = Release|x86
		{A0A580B5-BED9-4BC6-9E32-8E26F5C63871}.AppStore|ARM.ActiveCfg = Release|ARM
		{A0A580B5-BED9-4BC6-9E32-8E26F5C63871}.AppStore|ARM.Build.0 = Release|ARM
		{A0A580B5-BED9-4BC6-9E32-8E26F5C63871}.AppStore|ARM.Deploy.0 = Release|ARM
		{A0A580B5-BED9-4BC6-9E32-8E26F5C63871}.AppStore|iPhone.ActiveCfg = Release|x86
		{A0A580B5-BED9-4BC6-9E32-8E26F5C63871}.AppStore|iPhone.Build.0 = Release|x86
		{A0A580B5-BED9-4BC6-9E32-8E26F5C63871}.AppStore|iPhone.Deploy.0 = Release|x86
		{A0A580B5-BED9-4BC6-9E32-8E26F5C63871}.AppStore|iPhoneSimulator.ActiveCfg = Release|x86
		{A0A580B5-BED9-4BC6-9E32-8E26F5C63871}.AppStore|iPhoneSimulator.Build.0 = Release|x86
		{A0A580B5-BED9-4BC6-9E32-8E26F5C63871}.AppStore|iPhoneSimulator.Deploy.0 = Release|x86
		{A0A580B5-BED9-4BC6-9E32-8E26F5C63871}.AppStore|x64.ActiveCfg = Release|x64
		{A0A580B5-BED9-4BC6-9E32-8E26F5C63871}.AppStore|x64.Build.0 = Release|x64
		{A0A580B5-BED9-4BC6-9E32-8E26F5C63871}.AppStore|x64.Deploy.0 = Release|x64
		{A0A580B5-BED9-4BC6-9E32-8E26F5C63871}.AppStore|x86.ActiveCfg = Release|x86
		{A0A580B5-BED9-4BC6-9E32-8E26F5C63871}.AppStore|x86.Build.0 = Release|x86
		{A0A580B5-BED9-4BC6-9E32-8E26F5C63871}.AppStore|x86.Deploy.0 = Release|x86
		{A0A580B5-BED9-4BC6-9E32-8E26F5C63871}.Debug|Any CPU.ActiveCfg = Debug|x86
		{A0A580B5-BED9-4BC6-9E32-8E26F5C63871}.Debug|ARM.ActiveCfg = Debug|ARM
		{A0A580B5-BED9-4BC6-9E32-8E26F5C63871}.Debug|ARM.Build.0 = Debug|ARM
		{A0A580B5-BED9-4BC6-9E32-8E26F5C63871}.Debug|ARM.Deploy.0 = Debug|ARM
		{A0A580B5-BED9-4BC6-9E32-8E26F5C63871}.Debug|iPhone.ActiveCfg = Debug|x86
		{A0A580B5-BED9-4BC6-9E32-8E26F5C63871}.Debug|iPhoneSimulator.ActiveCfg = Debug|x86
		{A0A580B5-BED9-4BC6-9E32-8E26F5C63871}.Debug|x64.ActiveCfg = Debug|x64
		{A0A580B5-BED9-4BC6-9E32-8E26F5C63871}.Debug|x64.Build.0 = Debug|x64
		{A0A580B5-BED9-4BC6-9E32-8E26F5C63871}.Debug|x64.Deploy.0 = Debug|x64
		{A0A580B5-BED9-4BC6-9E32-8E26F5C63871}.Debug|x86.ActiveCfg = Debug|x86
		{A0A580B5-BED9-4BC6-9E32-8E26F5C63871}.Debug|x86.Build.0 = Debug|x86
		{A0A580B5-BED9-4BC6-9E32-8E26F5C63871}.Debug|x86.Deploy.0 = Debug|x86
		{A0A580B5-BED9-4BC6-9E32-8E26F5C63871}.Release|Any CPU.ActiveCfg = Release|x86
		{A0A580B5-BED9-4BC6-9E32-8E26F5C63871}.Release|ARM.ActiveCfg = Release|ARM
		{A0A580B5-BED9-4BC6-9E32-8E26F5C63871}.Release|ARM.Build.0 = Release|ARM
		{A0A580B5-BED9-4BC6-9E32-8E26F5C63871}.Release|ARM.Deploy.0 = Release|ARM
		{A0A580B5-BED9-4BC6-9E32-8E26F5C63871}.Release|iPhone.ActiveCfg = Release|x86
		{A0A580B5-BED9-4BC6-9E32-8E26F5C63871}.Release|iPhoneSimulator.ActiveCfg = Release|x86
		{A0A580B5-BED9-4BC6-9E32-8E26F5C63871}.Release|x64.ActiveCfg = Release|x64
		{A0A580B5-BED9-4BC6-9E32-8E26F5C63871}.Release|x64.Build.0 = Release|x64
		{A0A580B5-BED9-4BC6-9E32-8E26F5C63871}.Release|x64.Deploy.0 = Release|x64
		{A0A580B5-BED9-4BC6-9E32-8E26F5C63871}.Release|x86.ActiveCfg = Release|x86
		{A0A580B5-BED9-4BC6-9E32-8E26F5C63871}.Release|x86.Build.0 = Release|x86
		{A0A580B5-BED9-4BC6-9E32-8E26F5C63871}.Release|x86.Deploy.0 = Release|x86
		{85C07C1C-CEDE-45FC-BD24-ABA90A7489AD}.Ad-Hoc|Any CPU.ActiveCfg = Debug|Any CPU
		{85C07C1C-CEDE-45FC-BD24-ABA90A7489AD}.Ad-Hoc|Any CPU.Build.0 = Debug|Any CPU
		{85C07C1C-CEDE-45FC-BD24-ABA90A7489AD}.Ad-Hoc|ARM.ActiveCfg = Debug|Any CPU
		{85C07C1C-CEDE-45FC-BD24-ABA90A7489AD}.Ad-Hoc|ARM.Build.0 = Debug|Any CPU
		{85C07C1C-CEDE-45FC-BD24-ABA90A7489AD}.Ad-Hoc|iPhone.ActiveCfg = Debug|Any CPU
		{85C07C1C-CEDE-45FC-BD24-ABA90A7489AD}.Ad-Hoc|iPhone.Build.0 = Debug|Any CPU
		{85C07C1C-CEDE-45FC-BD24-ABA90A7489AD}.Ad-Hoc|iPhoneSimulator.ActiveCfg = Debug|Any CPU
		{85C07C1C-CEDE-45FC-BD24-ABA90A7489AD}.Ad-Hoc|iPhoneSimulator.Build.0 = Debug|Any CPU
		{85C07C1C-CEDE-45FC-BD24-ABA90A7489AD}.Ad-Hoc|x64.ActiveCfg = Debug|Any CPU
		{85C07C1C-CEDE-45FC-BD24-ABA90A7489AD}.Ad-Hoc|x64.Build.0 = Debug|Any CPU
		{85C07C1C-CEDE-45FC-BD24-ABA90A7489AD}.Ad-Hoc|x86.ActiveCfg = Debug|Any CPU
		{85C07C1C-CEDE-45FC-BD24-ABA90A7489AD}.Ad-Hoc|x86.Build.0 = Debug|Any CPU
		{85C07C1C-CEDE-45FC-BD24-ABA90A7489AD}.AppStore|Any CPU.ActiveCfg = Debug|Any CPU
		{85C07C1C-CEDE-45FC-BD24-ABA90A7489AD}.AppStore|Any CPU.Build.0 = Debug|Any CPU
		{85C07C1C-CEDE-45FC-BD24-ABA90A7489AD}.AppStore|ARM.ActiveCfg = Debug|Any CPU
		{85C07C1C-CEDE-45FC-BD24-ABA90A7489AD}.AppStore|ARM.Build.0 = Debug|Any CPU
		{85C07C1C-CEDE-45FC-BD24-ABA90A7489AD}.AppStore|iPhone.ActiveCfg = Debug|Any CPU
		{85C07C1C-CEDE-45FC-BD24-ABA90A7489AD}.AppStore|iPhone.Build.0 = Debug|Any CPU
		{85C07C1C-CEDE-45FC-BD24-ABA90A7489AD}.AppStore|iPhoneSimulator.ActiveCfg = Debug|Any CPU
		{85C07C1C-CEDE-45FC-BD24-ABA90A7489AD}.AppStore|iPhoneSimulator.Build.0 = Debug|Any CPU
		{85C07C1C-CEDE-45FC-BD24-ABA90A7489AD}.AppStore|x64.ActiveCfg = Debug|Any CPU
		{85C07C1C-CEDE-45FC-BD24-ABA90A7489AD}.AppStore|x64.Build.0 = Debug|Any CPU
		{85C07C1C-CEDE-45FC-BD24-ABA90A7489AD}.AppStore|x86.ActiveCfg = Debug|Any CPU
		{85C07C1C-CEDE-45FC-BD24-ABA90A7489AD}.AppStore|x86.Build.0 = Debug|Any CPU
		{85C07C1C-CEDE-45FC-BD24-ABA90A7489AD}.Debug|Any CPU.ActiveCfg = Debug|Any CPU
		{85C07C1C-CEDE-45FC-BD24-ABA90A7489AD}.Debug|Any CPU.Build.0 = Debug|Any CPU
		{85C07C1C-CEDE-45FC-BD24-ABA90A7489AD}.Debug|ARM.ActiveCfg = Debug|Any CPU
		{85C07C1C-CEDE-45FC-BD24-ABA90A7489AD}.Debug|ARM.Build.0 = Debug|Any CPU
		{85C07C1C-CEDE-45FC-BD24-ABA90A7489AD}.Debug|iPhone.ActiveCfg = Debug|Any CPU
		{85C07C1C-CEDE-45FC-BD24-ABA90A7489AD}.Debug|iPhone.Build.0 = Debug|Any CPU
		{85C07C1C-CEDE-45FC-BD24-ABA90A7489AD}.Debug|iPhoneSimulator.ActiveCfg = Debug|Any CPU
		{85C07C1C-CEDE-45FC-BD24-ABA90A7489AD}.Debug|iPhoneSimulator.Build.0 = Debug|Any CPU
		{85C07C1C-CEDE-45FC-BD24-ABA90A7489AD}.Debug|x64.ActiveCfg = Debug|Any CPU
		{85C07C1C-CEDE-45FC-BD24-ABA90A7489AD}.Debug|x64.Build.0 = Debug|Any CPU
		{85C07C1C-CEDE-45FC-BD24-ABA90A7489AD}.Debug|x86.ActiveCfg = Debug|Any CPU
		{85C07C1C-CEDE-45FC-BD24-ABA90A7489AD}.Debug|x86.Build.0 = Debug|Any CPU
		{85C07C1C-CEDE-45FC-BD24-ABA90A7489AD}.Release|Any CPU.ActiveCfg = Release|Any CPU
		{85C07C1C-CEDE-45FC-BD24-ABA90A7489AD}.Release|Any CPU.Build.0 = Release|Any CPU
		{85C07C1C-CEDE-45FC-BD24-ABA90A7489AD}.Release|ARM.ActiveCfg = Release|Any CPU
		{85C07C1C-CEDE-45FC-BD24-ABA90A7489AD}.Release|ARM.Build.0 = Release|Any CPU
		{85C07C1C-CEDE-45FC-BD24-ABA90A7489AD}.Release|iPhone.ActiveCfg = Release|Any CPU
		{85C07C1C-CEDE-45FC-BD24-ABA90A7489AD}.Release|iPhone.Build.0 = Release|Any CPU
		{85C07C1C-CEDE-45FC-BD24-ABA90A7489AD}.Release|iPhoneSimulator.ActiveCfg = Release|Any CPU
		{85C07C1C-CEDE-45FC-BD24-ABA90A7489AD}.Release|iPhoneSimulator.Build.0 = Release|Any CPU
		{85C07C1C-CEDE-45FC-BD24-ABA90A7489AD}.Release|x64.ActiveCfg = Release|Any CPU
		{85C07C1C-CEDE-45FC-BD24-ABA90A7489AD}.Release|x64.Build.0 = Release|Any CPU
		{85C07C1C-CEDE-45FC-BD24-ABA90A7489AD}.Release|x86.ActiveCfg = Release|Any CPU
		{85C07C1C-CEDE-45FC-BD24-ABA90A7489AD}.Release|x86.Build.0 = Release|Any CPU
	EndGlobalSection
	GlobalSection(SolutionProperties) = preSolution
		HideSolutionNode = FALSE
	EndGlobalSection
	GlobalSection(ExtensibilityGlobals) = postSolution
		SolutionGuid = {3007FDA6-ABE7-4DE6-A06F-526322FB0DB1}
	EndGlobalSection
EndGlobal
